
Microsoft Visual Studio Solution File, Format Version 12.00
# Visual Studio 15
VisualStudioVersion = 15.0.28307.757
MinimumVisualStudioVersion = 10.0.40219.1
Project("{FAE04EC0-301F-11D3-BF4B-00C04F79EFBC}") = "Senai.M_Filmes.WebApi", "Senai.M_Filmes.WebApi\Senai.M_Filmes.WebApi.csproj", "{C5783B78-059E-4D5A-B76A-6B5FCFEB40A6}"
EndProject
Global
	GlobalSection(SolutionConfigurationPlatforms) = preSolution
		Debug|Any CPU = Debug|Any CPU
		Release|Any CPU = Release|Any CPU
	EndGlobalSection
	GlobalSection(ProjectConfigurationPlatforms) = postSolution
		{C5783B78-059E-4D5A-B76A-6B5FCFEB40A6}.Debug|Any CPU.ActiveCfg = Debug|Any CPU
		{C5783B78-059E-4D5A-B76A-6B5FCFEB40A6}.Debug|Any CPU.Build.0 = Debug|Any CPU
		{C5783B78-059E-4D5A-B76A-6B5FCFEB40A6}.Release|Any CPU.ActiveCfg = Release|Any CPU
		{C5783B78-059E-4D5A-B76A-6B5FCFEB40A6}.Release|Any CPU.Build.0 = Release|Any CPU
	EndGlobalSection
	GlobalSection(SolutionProperties) = preSolution
		HideSolutionNode = FALSE
	EndGlobalSection
	GlobalSection(ExtensibilityGlobals) = postSolution
		SolutionGuid = {C19ECA0D-A3C5-4AB2-8786-6D51E1C53B82}
	EndGlobalSection
EndGlobal
