
Microsoft Visual Studio Solution File, Format Version 12.00
# Visual Studio 15
VisualStudioVersion = 15.0.28307.779
MinimumVisualStudioVersion = 10.0.40219.1
Project("{FAE04EC0-301F-11D3-BF4B-00C04F79EFBC}") = "Senai.M_AutoPecas.WebApi", "Senai.M_AutoPecas.WebApi\Senai.M_AutoPecas.WebApi.csproj", "{8F308E48-E16C-4A5C-92A5-FBFC7C83514C}"
EndProject
Global
	GlobalSection(SolutionConfigurationPlatforms) = preSolution
		Debug|Any CPU = Debug|Any CPU
		Release|Any CPU = Release|Any CPU
	EndGlobalSection
	GlobalSection(ProjectConfigurationPlatforms) = postSolution
		{8F308E48-E16C-4A5C-92A5-FBFC7C83514C}.Debug|Any CPU.ActiveCfg = Debug|Any CPU
		{8F308E48-E16C-4A5C-92A5-FBFC7C83514C}.Debug|Any CPU.Build.0 = Debug|Any CPU
		{8F308E48-E16C-4A5C-92A5-FBFC7C83514C}.Release|Any CPU.ActiveCfg = Release|Any CPU
		{8F308E48-E16C-4A5C-92A5-FBFC7C83514C}.Release|Any CPU.Build.0 = Release|Any CPU
	EndGlobalSection
	GlobalSection(SolutionProperties) = preSolution
		HideSolutionNode = FALSE
	EndGlobalSection
	GlobalSection(ExtensibilityGlobals) = postSolution
		SolutionGuid = {52F5B0E4-8C7F-4BAE-AA6E-2EABC5D227C4}
	EndGlobalSection
EndGlobal
